
Microsoft Visual Studio Solution File, Format Version 12.00
# Visual Studio Version 17
VisualStudioVersion = 17.4.33403.182
MinimumVisualStudioVersion = 10.0.40219.1
Project("{FAE04EC0-301F-11D3-BF4B-00C04F79EFBC}") = "EmployeesService", "EmployeesService\EmployeesService.csproj", "{61A4736B-6898-490C-B5D6-633A3CCEAEA7}"
EndProject
Global
	GlobalSection(SolutionConfigurationPlatforms) = preSolution
		Debug|Any CPU = Debug|Any CPU
		Release|Any CPU = Release|Any CPU
	EndGlobalSection
	GlobalSection(ProjectConfigurationPlatforms) = postSolution
		{61A4736B-6898-490C-B5D6-633A3CCEAEA7}.Debug|Any CPU.ActiveCfg = Debug|Any CPU
		{61A4736B-6898-490C-B5D6-633A3CCEAEA7}.Debug|Any CPU.Build.0 = Debug|Any CPU
		{61A4736B-6898-490C-B5D6-633A3CCEAEA7}.Release|Any CPU.ActiveCfg = Release|Any CPU
		{61A4736B-6898-490C-B5D6-633A3CCEAEA7}.Release|Any CPU.Build.0 = Release|Any CPU
	EndGlobalSection
	GlobalSection(SolutionProperties) = preSolution
		HideSolutionNode = FALSE
	EndGlobalSection
	GlobalSection(ExtensibilityGlobals) = postSolution
		SolutionGuid = {3E21F29B-F2F8-4D57-B5F3-46FF8AAD2450}
	EndGlobalSection
EndGlobal
